
Microsoft Visual Studio Solution File, Format Version 12.00
# Visual Studio Version 17
VisualStudioVersion = 17.14.36414.22 d17.14
MinimumVisualStudioVersion = 10.0.40219.1
Project("{FAE04EC0-301F-11D3-BF4B-00C04F79EFBC}") = "CMCS", "CMCS\CMCS.csproj", "{C8F09BE5-5D02-49DD-AD57-B17ACED727D6}"
EndProject
Global
	GlobalSection(SolutionConfigurationPlatforms) = preSolution
		Debug|Any CPU = Debug|Any CPU
		Release|Any CPU = Release|Any CPU
	EndGlobalSection
	GlobalSection(ProjectConfigurationPlatforms) = postSolution
		{C8F09BE5-5D02-49DD-AD57-B17ACED727D6}.Debug|Any CPU.ActiveCfg = Debug|Any CPU
		{C8F09BE5-5D02-49DD-AD57-B17ACED727D6}.Debug|Any CPU.Build.0 = Debug|Any CPU
		{C8F09BE5-5D02-49DD-AD57-B17ACED727D6}.Release|Any CPU.ActiveCfg = Release|Any CPU
		{C8F09BE5-5D02-49DD-AD57-B17ACED727D6}.Release|Any CPU.Build.0 = Release|Any CPU
	EndGlobalSection
	GlobalSection(SolutionProperties) = preSolution
		HideSolutionNode = FALSE
	EndGlobalSection
	GlobalSection(ExtensibilityGlobals) = postSolution
		SolutionGuid = {C4B890C7-3DFC-450A-A204-E7A0ACD168E2}
	EndGlobalSection
EndGlobal
